
Microsoft Visual Studio Solution File, Format Version 12.00
# Visual Studio Version 17
VisualStudioVersion = 17.8.34330.188
MinimumVisualStudioVersion = 10.0.40219.1
Project("{FAE04EC0-301F-11D3-BF4B-00C04F79EFBC}") = "LegoCollectionCalculator2.0.Server", "LegoCollectionCalculator2.0.Server\LegoCollectionCalculator2.0.Server.csproj", "{3FD763E4-1AC7-4092-B7C2-5CEC17B77224}"
EndProject
Project("{54A90642-561A-4BB1-A94E-469ADEE60C69}") = "legocollectioncalculator2.0.client", "legocollectioncalculator2.0.client\legocollectioncalculator2.0.client.esproj", "{5F5EAEB0-F7BD-477C-95F1-D0608FA56E49}"
EndProject
Global
	GlobalSection(SolutionConfigurationPlatforms) = preSolution
		Debug|Any CPU = Debug|Any CPU
		Release|Any CPU = Release|Any CPU
	EndGlobalSection
	GlobalSection(ProjectConfigurationPlatforms) = postSolution
		{3FD763E4-1AC7-4092-B7C2-5CEC17B77224}.Debug|Any CPU.ActiveCfg = Debug|Any CPU
		{3FD763E4-1AC7-4092-B7C2-5CEC17B77224}.Debug|Any CPU.Build.0 = Debug|Any CPU
		{3FD763E4-1AC7-4092-B7C2-5CEC17B77224}.Release|Any CPU.ActiveCfg = Release|Any CPU
		{3FD763E4-1AC7-4092-B7C2-5CEC17B77224}.Release|Any CPU.Build.0 = Release|Any CPU
		{5F5EAEB0-F7BD-477C-95F1-D0608FA56E49}.Debug|Any CPU.ActiveCfg = Debug|Any CPU
		{5F5EAEB0-F7BD-477C-95F1-D0608FA56E49}.Debug|Any CPU.Build.0 = Debug|Any CPU
		{5F5EAEB0-F7BD-477C-95F1-D0608FA56E49}.Debug|Any CPU.Deploy.0 = Debug|Any CPU
		{5F5EAEB0-F7BD-477C-95F1-D0608FA56E49}.Release|Any CPU.ActiveCfg = Release|Any CPU
		{5F5EAEB0-F7BD-477C-95F1-D0608FA56E49}.Release|Any CPU.Build.0 = Release|Any CPU
		{5F5EAEB0-F7BD-477C-95F1-D0608FA56E49}.Release|Any CPU.Deploy.0 = Release|Any CPU
	EndGlobalSection
	GlobalSection(SolutionProperties) = preSolution
		HideSolutionNode = FALSE
	EndGlobalSection
	GlobalSection(ExtensibilityGlobals) = postSolution
		SolutionGuid = {1DC3C35C-5939-4C44-A4F8-1B8C100AB840}
	EndGlobalSection
EndGlobal
